
Microsoft Visual Studio Solution File, Format Version 12.00
# Visual Studio Version 17
VisualStudioVersion = 17.14.36310.24 d17.14
MinimumVisualStudioVersion = 10.0.40219.1
Project("{FAE04EC0-301F-11D3-BF4B-00C04F79EFBC}") = "5-GreatestCommonDivisor", "5-GreatestCommonDivisor.csproj", "{E1BA9111-F57D-4B30-92A6-4A99D9E0E2BD}"
EndProject
Global
	GlobalSection(SolutionConfigurationPlatforms) = preSolution
		Debug|Any CPU = Debug|Any CPU
		Release|Any CPU = Release|Any CPU
	EndGlobalSection
	GlobalSection(ProjectConfigurationPlatforms) = postSolution
		{E1BA9111-F57D-4B30-92A6-4A99D9E0E2BD}.Debug|Any CPU.ActiveCfg = Debug|Any CPU
		{E1BA9111-F57D-4B30-92A6-4A99D9E0E2BD}.Debug|Any CPU.Build.0 = Debug|Any CPU
		{E1BA9111-F57D-4B30-92A6-4A99D9E0E2BD}.Release|Any CPU.ActiveCfg = Release|Any CPU
		{E1BA9111-F57D-4B30-92A6-4A99D9E0E2BD}.Release|Any CPU.Build.0 = Release|Any CPU
	EndGlobalSection
	GlobalSection(SolutionProperties) = preSolution
		HideSolutionNode = FALSE
	EndGlobalSection
	GlobalSection(ExtensibilityGlobals) = postSolution
		SolutionGuid = {EDAF6207-7E79-4286-B137-220AC7E87377}
	EndGlobalSection
EndGlobal
