
Microsoft Visual Studio Solution File, Format Version 12.00
# Visual Studio Version 17
VisualStudioVersion = 17.8.34330.188
MinimumVisualStudioVersion = 10.0.40219.1
Project("{FAE04EC0-301F-11D3-BF4B-00C04F79EFBC}") = "4-GuessTheWord", "4-GuessTheWord.csproj", "{D7198DBE-2CFD-4D7E-9A02-F75958D85D2E}"
EndProject
Global
	GlobalSection(SolutionConfigurationPlatforms) = preSolution
		Debug|Any CPU = Debug|Any CPU
		Release|Any CPU = Release|Any CPU
	EndGlobalSection
	GlobalSection(ProjectConfigurationPlatforms) = postSolution
		{D7198DBE-2CFD-4D7E-9A02-F75958D85D2E}.Debug|Any CPU.ActiveCfg = Debug|Any CPU
		{D7198DBE-2CFD-4D7E-9A02-F75958D85D2E}.Debug|Any CPU.Build.0 = Debug|Any CPU
		{D7198DBE-2CFD-4D7E-9A02-F75958D85D2E}.Release|Any CPU.ActiveCfg = Release|Any CPU
		{D7198DBE-2CFD-4D7E-9A02-F75958D85D2E}.Release|Any CPU.Build.0 = Release|Any CPU
	EndGlobalSection
	GlobalSection(SolutionProperties) = preSolution
		HideSolutionNode = FALSE
	EndGlobalSection
	GlobalSection(ExtensibilityGlobals) = postSolution
		SolutionGuid = {1EF89EB8-988C-4B3C-A77C-62A8473544FC}
	EndGlobalSection
EndGlobal
