
Microsoft Visual Studio Solution File, Format Version 12.00
# Visual Studio Version 17
VisualStudioVersion = 17.14.36310.24 d17.14
MinimumVisualStudioVersion = 10.0.40219.1
Project("{FAE04EC0-301F-11D3-BF4B-00C04F79EFBC}") = "4-Palindrome", "4-Palindrome.csproj", "{7BB4C040-D38C-47CB-8F2C-A0A40A39D662}"
EndProject
Global
	GlobalSection(SolutionConfigurationPlatforms) = preSolution
		Debug|Any CPU = Debug|Any CPU
		Release|Any CPU = Release|Any CPU
	EndGlobalSection
	GlobalSection(ProjectConfigurationPlatforms) = postSolution
		{7BB4C040-D38C-47CB-8F2C-A0A40A39D662}.Debug|Any CPU.ActiveCfg = Debug|Any CPU
		{7BB4C040-D38C-47CB-8F2C-A0A40A39D662}.Debug|Any CPU.Build.0 = Debug|Any CPU
		{7BB4C040-D38C-47CB-8F2C-A0A40A39D662}.Release|Any CPU.ActiveCfg = Release|Any CPU
		{7BB4C040-D38C-47CB-8F2C-A0A40A39D662}.Release|Any CPU.Build.0 = Release|Any CPU
	EndGlobalSection
	GlobalSection(SolutionProperties) = preSolution
		HideSolutionNode = FALSE
	EndGlobalSection
	GlobalSection(ExtensibilityGlobals) = postSolution
		SolutionGuid = {96BD167C-343E-4F7B-AED7-7DBB6A255598}
	EndGlobalSection
EndGlobal
