
Microsoft Visual Studio Solution File, Format Version 12.00
# Visual Studio Version 17
VisualStudioVersion = 17.8.34330.188
MinimumVisualStudioVersion = 10.0.40219.1
Project("{FAE04EC0-301F-11D3-BF4B-00C04F79EFBC}") = "4-ISP", "4-ISP.csproj", "{E0B37543-BE9A-49D3-952E-109CD8B78CC5}"
EndProject
Global
	GlobalSection(SolutionConfigurationPlatforms) = preSolution
		Debug|Any CPU = Debug|Any CPU
		Release|Any CPU = Release|Any CPU
	EndGlobalSection
	GlobalSection(ProjectConfigurationPlatforms) = postSolution
		{E0B37543-BE9A-49D3-952E-109CD8B78CC5}.Debug|Any CPU.ActiveCfg = Debug|Any CPU
		{E0B37543-BE9A-49D3-952E-109CD8B78CC5}.Debug|Any CPU.Build.0 = Debug|Any CPU
		{E0B37543-BE9A-49D3-952E-109CD8B78CC5}.Release|Any CPU.ActiveCfg = Release|Any CPU
		{E0B37543-BE9A-49D3-952E-109CD8B78CC5}.Release|Any CPU.Build.0 = Release|Any CPU
	EndGlobalSection
	GlobalSection(SolutionProperties) = preSolution
		HideSolutionNode = FALSE
	EndGlobalSection
	GlobalSection(ExtensibilityGlobals) = postSolution
		SolutionGuid = {D964227C-6C95-4C69-8359-82D5F4C3F300}
	EndGlobalSection
EndGlobal
