
Microsoft Visual Studio Solution File, Format Version 12.00
# Visual Studio Version 17
VisualStudioVersion = 17.8.34330.188
MinimumVisualStudioVersion = 10.0.40219.1
Project("{FAE04EC0-301F-11D3-BF4B-00C04F79EFBC}") = "4-Using-IOC-Container", "4-Using-IOC-Container.csproj", "{A44E0DD6-A7DD-4693-8B9B-1F07CB3F8EE3}"
EndProject
Global
	GlobalSection(SolutionConfigurationPlatforms) = preSolution
		Debug|Any CPU = Debug|Any CPU
		Release|Any CPU = Release|Any CPU
	EndGlobalSection
	GlobalSection(ProjectConfigurationPlatforms) = postSolution
		{A44E0DD6-A7DD-4693-8B9B-1F07CB3F8EE3}.Debug|Any CPU.ActiveCfg = Debug|Any CPU
		{A44E0DD6-A7DD-4693-8B9B-1F07CB3F8EE3}.Debug|Any CPU.Build.0 = Debug|Any CPU
		{A44E0DD6-A7DD-4693-8B9B-1F07CB3F8EE3}.Release|Any CPU.ActiveCfg = Release|Any CPU
		{A44E0DD6-A7DD-4693-8B9B-1F07CB3F8EE3}.Release|Any CPU.Build.0 = Release|Any CPU
	EndGlobalSection
	GlobalSection(SolutionProperties) = preSolution
		HideSolutionNode = FALSE
	EndGlobalSection
	GlobalSection(ExtensibilityGlobals) = postSolution
		SolutionGuid = {B8ECA939-89C4-4496-BD95-6A2E7722D165}
	EndGlobalSection
EndGlobal
