
Microsoft Visual Studio Solution File, Format Version 12.00
# Visual Studio Version 17
VisualStudioVersion = 17.8.34330.188
MinimumVisualStudioVersion = 10.0.40219.1
Project("{FAE04EC0-301F-11D3-BF4B-00C04F79EFBC}") = "2-Simple-DIP", "2-Simple-DIP.csproj", "{77BCCF74-3572-46EF-84F2-14C31EA63A5B}"
EndProject
Global
	GlobalSection(SolutionConfigurationPlatforms) = preSolution
		Debug|Any CPU = Debug|Any CPU
		Release|Any CPU = Release|Any CPU
	EndGlobalSection
	GlobalSection(ProjectConfigurationPlatforms) = postSolution
		{77BCCF74-3572-46EF-84F2-14C31EA63A5B}.Debug|Any CPU.ActiveCfg = Debug|Any CPU
		{77BCCF74-3572-46EF-84F2-14C31EA63A5B}.Debug|Any CPU.Build.0 = Debug|Any CPU
		{77BCCF74-3572-46EF-84F2-14C31EA63A5B}.Release|Any CPU.ActiveCfg = Release|Any CPU
		{77BCCF74-3572-46EF-84F2-14C31EA63A5B}.Release|Any CPU.Build.0 = Release|Any CPU
	EndGlobalSection
	GlobalSection(SolutionProperties) = preSolution
		HideSolutionNode = FALSE
	EndGlobalSection
	GlobalSection(ExtensibilityGlobals) = postSolution
		SolutionGuid = {79C412F8-535F-47CB-A560-CE9071685783}
	EndGlobalSection
EndGlobal
