
Microsoft Visual Studio Solution File, Format Version 12.00
# Visual Studio Version 17
VisualStudioVersion = 17.14.36310.24 d17.14
MinimumVisualStudioVersion = 10.0.40219.1
Project("{FAE04EC0-301F-11D3-BF4B-00C04F79EFBC}") = "7-NumberToBinary", "7-NumberToBinary.csproj", "{947FDDBC-4F8F-4CB3-B123-1B57A5919654}"
EndProject
Global
	GlobalSection(SolutionConfigurationPlatforms) = preSolution
		Debug|Any CPU = Debug|Any CPU
		Release|Any CPU = Release|Any CPU
	EndGlobalSection
	GlobalSection(ProjectConfigurationPlatforms) = postSolution
		{947FDDBC-4F8F-4CB3-B123-1B57A5919654}.Debug|Any CPU.ActiveCfg = Debug|Any CPU
		{947FDDBC-4F8F-4CB3-B123-1B57A5919654}.Debug|Any CPU.Build.0 = Debug|Any CPU
		{947FDDBC-4F8F-4CB3-B123-1B57A5919654}.Release|Any CPU.ActiveCfg = Release|Any CPU
		{947FDDBC-4F8F-4CB3-B123-1B57A5919654}.Release|Any CPU.Build.0 = Release|Any CPU
	EndGlobalSection
	GlobalSection(SolutionProperties) = preSolution
		HideSolutionNode = FALSE
	EndGlobalSection
	GlobalSection(ExtensibilityGlobals) = postSolution
		SolutionGuid = {3EE95FC5-C5B9-49B4-B4AD-8891B1F2812F}
	EndGlobalSection
EndGlobal
