
Microsoft Visual Studio Solution File, Format Version 12.00
# Visual Studio Version 17
VisualStudioVersion = 17.8.34330.188
MinimumVisualStudioVersion = 10.0.40219.1
Project("{FAE04EC0-301F-11D3-BF4B-00C04F79EFBC}") = "3-LSP", "3-LSP.csproj", "{74689D46-120E-4555-9CF7-C526948B11C1}"
EndProject
Global
	GlobalSection(SolutionConfigurationPlatforms) = preSolution
		Debug|Any CPU = Debug|Any CPU
		Release|Any CPU = Release|Any CPU
	EndGlobalSection
	GlobalSection(ProjectConfigurationPlatforms) = postSolution
		{74689D46-120E-4555-9CF7-C526948B11C1}.Debug|Any CPU.ActiveCfg = Debug|Any CPU
		{74689D46-120E-4555-9CF7-C526948B11C1}.Debug|Any CPU.Build.0 = Debug|Any CPU
		{74689D46-120E-4555-9CF7-C526948B11C1}.Release|Any CPU.ActiveCfg = Release|Any CPU
		{74689D46-120E-4555-9CF7-C526948B11C1}.Release|Any CPU.Build.0 = Release|Any CPU
	EndGlobalSection
	GlobalSection(SolutionProperties) = preSolution
		HideSolutionNode = FALSE
	EndGlobalSection
	GlobalSection(ExtensibilityGlobals) = postSolution
		SolutionGuid = {8C938EE7-BE9D-4074-B95E-73F01FBA9CB8}
	EndGlobalSection
EndGlobal
