
Microsoft Visual Studio Solution File, Format Version 12.00
# Visual Studio Version 17
VisualStudioVersion = 17.14.36310.24 d17.14
MinimumVisualStudioVersion = 10.0.40219.1
Project("{FAE04EC0-301F-11D3-BF4B-00C04F79EFBC}") = "5-NumberToText", "5-NumberToText.csproj", "{E36D9326-8ADC-4646-A1F5-A732E56A0BD9}"
EndProject
Global
	GlobalSection(SolutionConfigurationPlatforms) = preSolution
		Debug|Any CPU = Debug|Any CPU
		Release|Any CPU = Release|Any CPU
	EndGlobalSection
	GlobalSection(ProjectConfigurationPlatforms) = postSolution
		{E36D9326-8ADC-4646-A1F5-A732E56A0BD9}.Debug|Any CPU.ActiveCfg = Debug|Any CPU
		{E36D9326-8ADC-4646-A1F5-A732E56A0BD9}.Debug|Any CPU.Build.0 = Debug|Any CPU
		{E36D9326-8ADC-4646-A1F5-A732E56A0BD9}.Release|Any CPU.ActiveCfg = Release|Any CPU
		{E36D9326-8ADC-4646-A1F5-A732E56A0BD9}.Release|Any CPU.Build.0 = Release|Any CPU
	EndGlobalSection
	GlobalSection(SolutionProperties) = preSolution
		HideSolutionNode = FALSE
	EndGlobalSection
	GlobalSection(ExtensibilityGlobals) = postSolution
		SolutionGuid = {E8E77B09-5579-42AB-88FC-B6C0CDC7D0AD}
	EndGlobalSection
EndGlobal
